
Microsoft Visual Studio Solution File, Format Version 12.00
# Visual Studio 14
VisualStudioVersion = 14.0.24720.0
MinimumVisualStudioVersion = 10.0.40219.1
Project("{2150E333-8FDC-42A3-9474-1A3956D46DE8}") = "lib", "lib", "{5C59CADE-B272-46A2-9513-A68614A8E312}"
	ProjectSection(SolutionItems) = preProject
		lib\NFX.dll = lib\NFX.dll
	EndProjectSection
EndProject
Project("{FAE04EC0-301F-11D3-BF4B-00C04F79EFBC}") = "NFX.VisualStudio.vs2015", "NFX.VisualStudio\NFX.VisualStudio.vs2015.csproj", "{1F3D5E0C-EFC6-404F-BCF6-B3F11E2DBDA6}"
EndProject
Project("{2150E333-8FDC-42A3-9474-1A3956D46DE8}") = "Solution Items", "Solution Items", "{491E789C-9E2F-4307-B01F-8BA2BB5B8492}"
	ProjectSection(SolutionItems) = preProject
		..\.editorconfig = ..\.editorconfig
	EndProjectSection
EndProject
Global
	GlobalSection(SolutionConfigurationPlatforms) = preSolution
		Debug|Any CPU = Debug|Any CPU
		Release|Any CPU = Release|Any CPU
	EndGlobalSection
	GlobalSection(ProjectConfigurationPlatforms) = postSolution
		{1F3D5E0C-EFC6-404F-BCF6-B3F11E2DBDA6}.Debug|Any CPU.ActiveCfg = Debug|Any CPU
		{1F3D5E0C-EFC6-404F-BCF6-B3F11E2DBDA6}.Debug|Any CPU.Build.0 = Debug|Any CPU
		{1F3D5E0C-EFC6-404F-BCF6-B3F11E2DBDA6}.Release|Any CPU.ActiveCfg = Release|Any CPU
		{1F3D5E0C-EFC6-404F-BCF6-B3F11E2DBDA6}.Release|Any CPU.Build.0 = Release|Any CPU
	EndGlobalSection
	GlobalSection(SolutionProperties) = preSolution
		HideSolutionNode = FALSE
	EndGlobalSection
EndGlobal
